
Microsoft Visual Studio Solution File, Format Version 12.00
# Visual Studio Version 17
VisualStudioVersion = 17.9.34701.34
MinimumVisualStudioVersion = 10.0.40219.1
Project("{9A19103F-16F7-4668-BE54-9A1E7A4F7556}") = "GModDedicatedServer", "GModDedicatedServer\GModDedicatedServer.csproj", "{3CDA237D-F11C-4DBD-B3AD-21178EF5D0EB}"
EndProject
Project("{2150E333-8FDC-42A3-9474-1A3956D46DE8}") = "Solution Items", "Solution Items", "{8D7251B0-AACD-40FA-B102-023030D52EB8}"
	ProjectSection(SolutionItems) = preProject
		.editorconfig = .editorconfig
	EndProjectSection
EndProject
Global
	GlobalSection(SolutionConfigurationPlatforms) = preSolution
		Debug|Any CPU = Debug|Any CPU
		Release|Any CPU = Release|Any CPU
	EndGlobalSection
	GlobalSection(ProjectConfigurationPlatforms) = postSolution
		{3CDA237D-F11C-4DBD-B3AD-21178EF5D0EB}.Debug|Any CPU.ActiveCfg = Debug|Any CPU
		{3CDA237D-F11C-4DBD-B3AD-21178EF5D0EB}.Debug|Any CPU.Build.0 = Debug|Any CPU
		{3CDA237D-F11C-4DBD-B3AD-21178EF5D0EB}.Release|Any CPU.ActiveCfg = Release|Any CPU
		{3CDA237D-F11C-4DBD-B3AD-21178EF5D0EB}.Release|Any CPU.Build.0 = Release|Any CPU
	EndGlobalSection
	GlobalSection(SolutionProperties) = preSolution
		HideSolutionNode = FALSE
	EndGlobalSection
	GlobalSection(ExtensibilityGlobals) = postSolution
		SolutionGuid = {0B7DF69B-9EF4-4B4F-816B-DC6714A6B4EC}
	EndGlobalSection
EndGlobal
